// !$*UTF8*$!
{
	archiveVersion = 1;
	classes = {
	};
	objectVersion = 48;
	objects = {

/* Begin PBXBuildFile section */
		40359B122E934AEA5733B1A8 /* Pods_CastrolUITests.framework in Frameworks */ = {isa = PBXBuildFile; fileRef = A6397143AC910C922FFF60A8 /* Pods_CastrolUITests.framework */; };
		42285E661EF9049500DF7544 /* SWRevealViewController.m in Sources */ = {isa = PBXBuildFile; fileRef = 42285E651EF9049500DF7544 /* SWRevealViewController.m */; };
		42285E691EF904DA00DF7544 /* HomeVC.swift in Sources */ = {isa = PBXBuildFile; fileRef = 42285E681EF904DA00DF7544 /* HomeVC.swift */; };
		42285E6B1EF9082400DF7544 /* MenuViewTVC.swift in Sources */ = {isa = PBXBuildFile; fileRef = 42285E6A1EF9082400DF7544 /* MenuViewTVC.swift */; };
		4239CD761EF686B800C87767 /* MainVC.swift in Sources */ = {isa = PBXBuildFile; fileRef = 4239CD751EF686B800C87767 /* MainVC.swift */; };
		4263B8A81EF5C2F3001B84C2 /* GoogleService-Info.plist in Resources */ = {isa = PBXBuildFile; fileRef = 4263B8A71EF5C2F2001B84C2 /* GoogleService-Info.plist */; };
		833AAB30E9B82A8BEAAF9F66 /* Pods_Castrol.framework in Frameworks */ = {isa = PBXBuildFile; fileRef = 41E6D6AD9CC11A61D7DF1320 /* Pods_Castrol.framework */; };
		AD08B3B81EF3C40B009585B5 /* MobileAuthenticateVC.swift in Sources */ = {isa = PBXBuildFile; fileRef = AD08B3B71EF3C40B009585B5 /* MobileAuthenticateVC.swift */; };
		AD08B3BA1EF3C423009585B5 /* MobileVerificationVC.swift in Sources */ = {isa = PBXBuildFile; fileRef = AD08B3B91EF3C423009585B5 /* MobileVerificationVC.swift */; };
		ADE54B8C1EF3927000274AC2 /* AppDelegate.swift in Sources */ = {isa = PBXBuildFile; fileRef = ADE54B8B1EF3927000274AC2 /* AppDelegate.swift */; };
		ADE54B8E1EF3927000274AC2 /* ViewController.swift in Sources */ = {isa = PBXBuildFile; fileRef = ADE54B8D1EF3927000274AC2 /* ViewController.swift */; };
		ADE54B911EF3927000274AC2 /* Main.storyboard in Resources */ = {isa = PBXBuildFile; fileRef = ADE54B8F1EF3927000274AC2 /* Main.storyboard */; };
		ADE54B941EF3927000274AC2 /* Castrol.xcdatamodeld in Sources */ = {isa = PBXBuildFile; fileRef = ADE54B921EF3927000274AC2 /* Castrol.xcdatamodeld */; };
		ADE54B961EF3927000274AC2 /* Assets.xcassets in Resources */ = {isa = PBXBuildFile; fileRef = ADE54B951EF3927000274AC2 /* Assets.xcassets */; };
		ADE54B991EF3927000274AC2 /* LaunchScreen.storyboard in Resources */ = {isa = PBXBuildFile; fileRef = ADE54B971EF3927000274AC2 /* LaunchScreen.storyboard */; };
		ADE54BA41EF3927000274AC2 /* CastrolTests.swift in Sources */ = {isa = PBXBuildFile; fileRef = ADE54BA31EF3927000274AC2 /* CastrolTests.swift */; };
		ADE54BAF1EF3927100274AC2 /* CastrolUITests.swift in Sources */ = {isa = PBXBuildFile; fileRef = ADE54BAE1EF3927100274AC2 /* CastrolUITests.swift */; };
		B903D13D984153F54294ED08 /* Pods_CastrolTests.framework in Frameworks */ = {isa = PBXBuildFile; fileRef = 1870BADF883F8AD6EEA5E625 /* Pods_CastrolTests.framework */; };
/* End PBXBuildFile section */

/* Begin PBXContainerItemProxy section */
		ADE54BA01EF3927000274AC2 /* PBXContainerItemProxy */ = {
			isa = PBXContainerItemProxy;
			containerPortal = ADE54B801EF3927000274AC2 /* Project object */;
			proxyType = 1;
			remoteGlobalIDString = ADE54B871EF3927000274AC2;
			remoteInfo = Castrol;
		};
		ADE54BAB1EF3927000274AC2 /* PBXContainerItemProxy */ = {
			isa = PBXContainerItemProxy;
			containerPortal = ADE54B801EF3927000274AC2 /* Project object */;
			proxyType = 1;
			remoteGlobalIDString = ADE54B871EF3927000274AC2;
			remoteInfo = Castrol;
		};
/* End PBXContainerItemProxy section */

/* Begin PBXFileReference section */
		1870BADF883F8AD6EEA5E625 /* Pods_CastrolTests.framework */ = {isa = PBXFileReference; explicitFileType = wrapper.framework; includeInIndex = 0; path = Pods_CastrolTests.framework; sourceTree = BUILT_PRODUCTS_DIR; };
		2A263645EB333CDD2819396D /* Pods-CastrolUITests.debug.xcconfig */ = {isa = PBXFileReference; includeInIndex = 1; lastKnownFileType = text.xcconfig; name = "Pods-CastrolUITests.debug.xcconfig"; path = "Pods/Target Support Files/Pods-CastrolUITests/Pods-CastrolUITests.debug.xcconfig"; sourceTree = "<group>"; };
		2E5610D970BA4C2B7343B074 /* Pods-CastrolUITests.release.xcconfig */ = {isa = PBXFileReference; includeInIndex = 1; lastKnownFileType = text.xcconfig; name = "Pods-CastrolUITests.release.xcconfig"; path = "Pods/Target Support Files/Pods-CastrolUITests/Pods-CastrolUITests.release.xcconfig"; sourceTree = "<group>"; };
		41E6D6AD9CC11A61D7DF1320 /* Pods_Castrol.framework */ = {isa = PBXFileReference; explicitFileType = wrapper.framework; includeInIndex = 0; path = Pods_Castrol.framework; sourceTree = BUILT_PRODUCTS_DIR; };
		42285E631EF9049500DF7544 /* Castrol-Bridging-Header.h */ = {isa = PBXFileReference; lastKnownFileType = sourcecode.c.h; path = "Castrol-Bridging-Header.h"; sourceTree = "<group>"; };
		42285E641EF9049500DF7544 /* SWRevealViewController.h */ = {isa = PBXFileReference; fileEncoding = 4; lastKnownFileType = sourcecode.c.h; path = SWRevealViewController.h; sourceTree = "<group>"; };
		42285E651EF9049500DF7544 /* SWRevealViewController.m */ = {isa = PBXFileReference; fileEncoding = 4; lastKnownFileType = sourcecode.c.objc; path = SWRevealViewController.m; sourceTree = "<group>"; };
		42285E681EF904DA00DF7544 /* HomeVC.swift */ = {isa = PBXFileReference; fileEncoding = 4; lastKnownFileType = sourcecode.swift; path = HomeVC.swift; sourceTree = "<group>"; };
		42285E6A1EF9082400DF7544 /* MenuViewTVC.swift */ = {isa = PBXFileReference; fileEncoding = 4; lastKnownFileType = sourcecode.swift; path = MenuViewTVC.swift; sourceTree = "<group>"; };
		4239CD751EF686B800C87767 /* MainVC.swift */ = {isa = PBXFileReference; fileEncoding = 4; lastKnownFileType = sourcecode.swift; path = MainVC.swift; sourceTree = "<group>"; };
		4263B8A71EF5C2F2001B84C2 /* GoogleService-Info.plist */ = {isa = PBXFileReference; fileEncoding = 4; lastKnownFileType = text.plist.xml; path = "GoogleService-Info.plist"; sourceTree = "<group>"; };
		4263B8A91EF659AF001B84C2 /* Castrol.entitlements */ = {isa = PBXFileReference; lastKnownFileType = text.plist.entitlements; path = Castrol.entitlements; sourceTree = "<group>"; };
		992446F103C0EA3A7A2995A1 /* Pods-Castrol.debug.xcconfig */ = {isa = PBXFileReference; includeInIndex = 1; lastKnownFileType = text.xcconfig; name = "Pods-Castrol.debug.xcconfig"; path = "Pods/Target Support Files/Pods-Castrol/Pods-Castrol.debug.xcconfig"; sourceTree = "<group>"; };
		A6397143AC910C922FFF60A8 /* Pods_CastrolUITests.framework */ = {isa = PBXFileReference; explicitFileType = wrapper.framework; includeInIndex = 0; path = Pods_CastrolUITests.framework; sourceTree = BUILT_PRODUCTS_DIR; };
		AD08B3B71EF3C40B009585B5 /* MobileAuthenticateVC.swift */ = {isa = PBXFileReference; fileEncoding = 4; lastKnownFileType = sourcecode.swift; path = MobileAuthenticateVC.swift; sourceTree = "<group>"; };
		AD08B3B91EF3C423009585B5 /* MobileVerificationVC.swift */ = {isa = PBXFileReference; fileEncoding = 4; lastKnownFileType = sourcecode.swift; path = MobileVerificationVC.swift; sourceTree = "<group>"; };
		ADE54B881EF3927000274AC2 /* Castrol.app */ = {isa = PBXFileReference; explicitFileType = wrapper.application; includeInIndex = 0; path = Castrol.app; sourceTree = BUILT_PRODUCTS_DIR; };
		ADE54B8B1EF3927000274AC2 /* AppDelegate.swift */ = {isa = PBXFileReference; lastKnownFileType = sourcecode.swift; path = AppDelegate.swift; sourceTree = "<group>"; };
		ADE54B8D1EF3927000274AC2 /* ViewController.swift */ = {isa = PBXFileReference; lastKnownFileType = sourcecode.swift; path = ViewController.swift; sourceTree = "<group>"; };
		ADE54B901EF3927000274AC2 /* Base */ = {isa = PBXFileReference; lastKnownFileType = file.storyboard; name = Base; path = Base.lproj/Main.storyboard; sourceTree = "<group>"; };
		ADE54B931EF3927000274AC2 /* Castrol.xcdatamodel */ = {isa = PBXFileReference; lastKnownFileType = wrapper.xcdatamodel; path = Castrol.xcdatamodel; sourceTree = "<group>"; };
		ADE54B951EF3927000274AC2 /* Assets.xcassets */ = {isa = PBXFileReference; lastKnownFileType = folder.assetcatalog; path = Assets.xcassets; sourceTree = "<group>"; };
		ADE54B981EF3927000274AC2 /* Base */ = {isa = PBXFileReference; lastKnownFileType = file.storyboard; name = Base; path = Base.lproj/LaunchScreen.storyboard; sourceTree = "<group>"; };
		ADE54B9A1EF3927000274AC2 /* Info.plist */ = {isa = PBXFileReference; lastKnownFileType = text.plist.xml; path = Info.plist; sourceTree = "<group>"; };
		ADE54B9F1EF3927000274AC2 /* CastrolTests.xctest */ = {isa = PBXFileReference; explicitFileType = wrapper.cfbundle; includeInIndex = 0; path = CastrolTests.xctest; sourceTree = BUILT_PRODUCTS_DIR; };
		ADE54BA31EF3927000274AC2 /* CastrolTests.swift */ = {isa = PBXFileReference; lastKnownFileType = sourcecode.swift; path = CastrolTests.swift; sourceTree = "<group>"; };
		ADE54BA51EF3927000274AC2 /* Info.plist */ = {isa = PBXFileReference; lastKnownFileType = text.plist.xml; path = Info.plist; sourceTree = "<group>"; };
		ADE54BAA1EF3927000274AC2 /* CastrolUITests.xctest */ = {isa = PBXFileReference; explicitFileType = wrapper.cfbundle; includeInIndex = 0; path = CastrolUITests.xctest; sourceTree = BUILT_PRODUCTS_DIR; };
		ADE54BAE1EF3927100274AC2 /* CastrolUITests.swift */ = {isa = PBXFileReference; lastKnownFileType = sourcecode.swift; path = CastrolUITests.swift; sourceTree = "<group>"; };
		ADE54BB01EF3927100274AC2 /* Info.plist */ = {isa = PBXFileReference; lastKnownFileType = text.plist.xml; path = Info.plist; sourceTree = "<group>"; };
		B3479C72701B35AD5A322F63 /* Pods-CastrolTests.debug.xcconfig */ = {isa = PBXFileReference; includeInIndex = 1; lastKnownFileType = text.xcconfig; name = "Pods-CastrolTests.debug.xcconfig"; path = "Pods/Target Support Files/Pods-CastrolTests/Pods-CastrolTests.debug.xcconfig"; sourceTree = "<group>"; };
		C0C9458310B8766D82E85EDD /* Pods-Castrol.release.xcconfig */ = {isa = PBXFileReference; includeInIndex = 1; lastKnownFileType = text.xcconfig; name = "Pods-Castrol.release.xcconfig"; path = "Pods/Target Support Files/Pods-Castrol/Pods-Castrol.release.xcconfig"; sourceTree = "<group>"; };
		E6354AAC02EF36A46EAB930B /* Pods-CastrolTests.release.xcconfig */ = {isa = PBXFileReference; includeInIndex = 1; lastKnownFileType = text.xcconfig; name = "Pods-CastrolTests.release.xcconfig"; path = "Pods/Target Support Files/Pods-CastrolTests/Pods-CastrolTests.release.xcconfig"; sourceTree = "<group>"; };
/* End PBXFileReference section */

/* Begin PBXFrameworksBuildPhase section */
		ADE54B851EF3927000274AC2 /* Frameworks */ = {
			isa = PBXFrameworksBuildPhase;
			buildActionMask = 2147483647;
			files = (
				833AAB30E9B82A8BEAAF9F66 /* Pods_Castrol.framework in Frameworks */,
			);
			runOnlyForDeploymentPostprocessing = 0;
		};
		ADE54B9C1EF3927000274AC2 /* Frameworks */ = {
			isa = PBXFrameworksBuildPhase;
			buildActionMask = 2147483647;
			files = (
				B903D13D984153F54294ED08 /* Pods_CastrolTests.framework in Frameworks */,
			);
			runOnlyForDeploymentPostprocessing = 0;
		};
		ADE54BA71EF3927000274AC2 /* Frameworks */ = {
			isa = PBXFrameworksBuildPhase;
			buildActionMask = 2147483647;
			files = (
				40359B122E934AEA5733B1A8 /* Pods_CastrolUITests.framework in Frameworks */,
			);
			runOnlyForDeploymentPostprocessing = 0;
		};
/* End PBXFrameworksBuildPhase section */

/* Begin PBXGroup section */
		42285E671EF904B500DF7544 /* Lib */ = {
			isa = PBXGroup;
			children = (
				42285E641EF9049500DF7544 /* SWRevealViewController.h */,
				42285E651EF9049500DF7544 /* SWRevealViewController.m */,
			);
			name = Lib;
			sourceTree = "<group>";
		};
		7F095CE5446BDFDBD41ADC6F /* Frameworks */ = {
			isa = PBXGroup;
			children = (
				41E6D6AD9CC11A61D7DF1320 /* Pods_Castrol.framework */,
				1870BADF883F8AD6EEA5E625 /* Pods_CastrolTests.framework */,
				A6397143AC910C922FFF60A8 /* Pods_CastrolUITests.framework */,
			);
			name = Frameworks;
			sourceTree = "<group>";
		};
		ADE54B7F1EF3927000274AC2 = {
			isa = PBXGroup;
			children = (
				ADE54B8A1EF3927000274AC2 /* Castrol */,
				ADE54BA21EF3927000274AC2 /* CastrolTests */,
				ADE54BAD1EF3927100274AC2 /* CastrolUITests */,
				ADE54B891EF3927000274AC2 /* Products */,
				C581D585CC455C14F24832CD /* Pods */,
				7F095CE5446BDFDBD41ADC6F /* Frameworks */,
			);
			sourceTree = "<group>";
		};
		ADE54B891EF3927000274AC2 /* Products */ = {
			isa = PBXGroup;
			children = (
				ADE54B881EF3927000274AC2 /* Castrol.app */,
				ADE54B9F1EF3927000274AC2 /* CastrolTests.xctest */,
				ADE54BAA1EF3927000274AC2 /* CastrolUITests.xctest */,
			);
			name = Products;
			sourceTree = "<group>";
		};
		ADE54B8A1EF3927000274AC2 /* Castrol */ = {
			isa = PBXGroup;
			children = (
				ADE54B8B1EF3927000274AC2 /* AppDelegate.swift */,
				ADE54B8D1EF3927000274AC2 /* ViewController.swift */,
				AD08B3B71EF3C40B009585B5 /* MobileAuthenticateVC.swift */,
				AD08B3B91EF3C423009585B5 /* MobileVerificationVC.swift */,
				4239CD751EF686B800C87767 /* MainVC.swift */,
				42285E681EF904DA00DF7544 /* HomeVC.swift */,
				42285E6A1EF9082400DF7544 /* MenuViewTVC.swift */,
				ADE54B8F1EF3927000274AC2 /* Main.storyboard */,
				42285E671EF904B500DF7544 /* Lib */,
				ADE54B951EF3927000274AC2 /* Assets.xcassets */,
				ADE54B971EF3927000274AC2 /* LaunchScreen.storyboard */,
				ADE54B9A1EF3927000274AC2 /* Info.plist */,
				ADE54B921EF3927000274AC2 /* Castrol.xcdatamodeld */,
				4263B8A91EF659AF001B84C2 /* Castrol.entitlements */,
				4263B8A71EF5C2F2001B84C2 /* GoogleService-Info.plist */,
				42285E631EF9049500DF7544 /* Castrol-Bridging-Header.h */,
			);
			path = Castrol;
			sourceTree = "<group>";
		};
		ADE54BA21EF3927000274AC2 /* CastrolTests */ = {
			isa = PBXGroup;
			children = (
				ADE54BA31EF3927000274AC2 /* CastrolTests.swift */,
				ADE54BA51EF3927000274AC2 /* Info.plist */,
			);
			path = CastrolTests;
			sourceTree = "<group>";
		};
		ADE54BAD1EF3927100274AC2 /* CastrolUITests */ = {
			isa = PBXGroup;
			children = (
				ADE54BAE1EF3927100274AC2 /* CastrolUITests.swift */,
				ADE54BB01EF3927100274AC2 /* Info.plist */,
			);
			path = CastrolUITests;
			sourceTree = "<group>";
		};
		C581D585CC455C14F24832CD /* Pods */ = {
			isa = PBXGroup;
			children = (
				992446F103C0EA3A7A2995A1 /* Pods-Castrol.debug.xcconfig */,
				C0C9458310B8766D82E85EDD /* Pods-Castrol.release.xcconfig */,
				B3479C72701B35AD5A322F63 /* Pods-CastrolTests.debug.xcconfig */,
				E6354AAC02EF36A46EAB930B /* Pods-CastrolTests.release.xcconfig */,
				2A263645EB333CDD2819396D /* Pods-CastrolUITests.debug.xcconfig */,
				2E5610D970BA4C2B7343B074 /* Pods-CastrolUITests.release.xcconfig */,
			);
			name = Pods;
			sourceTree = "<group>";
		};
/* End PBXGroup section */

/* Begin PBXNativeTarget section */
		ADE54B871EF3927000274AC2 /* Castrol */ = {
			isa = PBXNativeTarget;
			buildConfigurationList = ADE54BB31EF3927100274AC2 /* Build configuration list for PBXNativeTarget "Castrol" */;
			buildPhases = (
				1F13D1D53E17435C4C5FB340 /* [CP] Check Pods Manifest.lock */,
				ADE54B841EF3927000274AC2 /* Sources */,
				ADE54B851EF3927000274AC2 /* Frameworks */,
				ADE54B861EF3927000274AC2 /* Resources */,
				CFF2BFAC7FBB50DF40E4C5D3 /* [CP] Embed Pods Frameworks */,
				3B1851BF2586A754228B7123 /* [CP] Copy Pods Resources */,
			);
			buildRules = (
			);
			dependencies = (
			);
			name = Castrol;
			productName = Castrol;
			productReference = ADE54B881EF3927000274AC2 /* Castrol.app */;
			productType = "com.apple.product-type.application";
		};
		ADE54B9E1EF3927000274AC2 /* CastrolTests */ = {
			isa = PBXNativeTarget;
			buildConfigurationList = ADE54BB61EF3927100274AC2 /* Build configuration list for PBXNativeTarget "CastrolTests" */;
			buildPhases = (
				ABC029A80FC505E761713E2F /* [CP] Check Pods Manifest.lock */,
				ADE54B9B1EF3927000274AC2 /* Sources */,
				ADE54B9C1EF3927000274AC2 /* Frameworks */,
				ADE54B9D1EF3927000274AC2 /* Resources */,
				162F382DA1C1F902863061D8 /* [CP] Embed Pods Frameworks */,
				E30EA891886D15E10E6916CA /* [CP] Copy Pods Resources */,
			);
			buildRules = (
			);
			dependencies = (
				ADE54BA11EF3927000274AC2 /* PBXTargetDependency */,
			);
			name = CastrolTests;
			productName = CastrolTests;
			productReference = ADE54B9F1EF3927000274AC2 /* CastrolTests.xctest */;
			productType = "com.apple.product-type.bundle.unit-test";
		};
		ADE54BA91EF3927000274AC2 /* CastrolUITests */ = {
			isa = PBXNativeTarget;
			buildConfigurationList = ADE54BB91EF3927100274AC2 /* Build configuration list for PBXNativeTarget "CastrolUITests" */;
			buildPhases = (
				0BAA82A1D068B3AB9E653C37 /* [CP] Check Pods Manifest.lock */,
				ADE54BA61EF3927000274AC2 /* Sources */,
				ADE54BA71EF3927000274AC2 /* Frameworks */,
				ADE54BA81EF3927000274AC2 /* Resources */,
				6FC68F565CAF008E2D3E60C1 /* [CP] Embed Pods Frameworks */,
				39D3F5DFE4CC1D00663B0C99 /* [CP] Copy Pods Resources */,
			);
			buildRules = (
			);
			dependencies = (
				ADE54BAC1EF3927000274AC2 /* PBXTargetDependency */,
			);
			name = CastrolUITests;
			productName = CastrolUITests;
			productReference = ADE54BAA1EF3927000274AC2 /* CastrolUITests.xctest */;
			productType = "com.apple.product-type.bundle.ui-testing";
		};
/* End PBXNativeTarget section */

/* Begin PBXProject section */
		ADE54B801EF3927000274AC2 /* Project object */ = {
			isa = PBXProject;
			attributes = {
				LastSwiftUpdateCheck = 0900;
				LastUpgradeCheck = 0900;
				ORGANIZATIONNAME = Cliqers;
				TargetAttributes = {
					ADE54B871EF3927000274AC2 = {
						CreatedOnToolsVersion = 9.0;
						LastSwiftMigration = 0830;
						SystemCapabilities = {
							com.apple.BackgroundModes = {
								enabled = 1;
							};
							com.apple.Push = {
								enabled = 1;
							};
						};
					};
					ADE54B9E1EF3927000274AC2 = {
						CreatedOnToolsVersion = 9.0;
						TestTargetID = ADE54B871EF3927000274AC2;
					};
					ADE54BA91EF3927000274AC2 = {
						CreatedOnToolsVersion = 9.0;
						TestTargetID = ADE54B871EF3927000274AC2;
					};
				};
			};
			buildConfigurationList = ADE54B831EF3927000274AC2 /* Build configuration list for PBXProject "Castrol" */;
			compatibilityVersion = "Xcode 8.0";
			developmentRegion = en;
			hasScannedForEncodings = 0;
			knownRegions = (
				en,
				Base,
			);
			mainGroup = ADE54B7F1EF3927000274AC2;
			productRefGroup = ADE54B891EF3927000274AC2 /* Products */;
			projectDirPath = "";
			projectRoot = "";
			targets = (
				ADE54B871EF3927000274AC2 /* Castrol */,
				ADE54B9E1EF3927000274AC2 /* CastrolTests */,
				ADE54BA91EF3927000274AC2 /* CastrolUITests */,
			);
		};
/* End PBXProject section */

/* Begin PBXResourcesBuildPhase section */
		ADE54B861EF3927000274AC2 /* Resources */ = {
			isa = PBXResourcesBuildPhase;
			buildActionMask = 2147483647;
			files = (
				ADE54B991EF3927000274AC2 /* LaunchScreen.storyboard in Resources */,
				4263B8A81EF5C2F3001B84C2 /* GoogleService-Info.plist in Resources */,
				ADE54B961EF3927000274AC2 /* Assets.xcassets in Resources */,
				ADE54B911EF3927000274AC2 /* Main.storyboard in Resources */,
			);
			runOnlyForDeploymentPostprocessing = 0;
		};
		ADE54B9D1EF3927000274AC2 /* Resources */ = {
			isa = PBXResourcesBuildPhase;
			buildActionMask = 2147483647;
			files = (
			);
			runOnlyForDeploymentPostprocessing = 0;
		};
		ADE54BA81EF3927000274AC2 /* Resources */ = {
			isa = PBXResourcesBuildPhase;
			buildActionMask = 2147483647;
			files = (
			);
			runOnlyForDeploymentPostprocessing = 0;
		};
/* End PBXResourcesBuildPhase section */

/* Begin PBXShellScriptBuildPhase section */
		0BAA82A1D068B3AB9E653C37 /* [CP] Check Pods Manifest.lock */ = {
			isa = PBXShellScriptBuildPhase;
			buildActionMask = 2147483647;
			files = (
			);
			inputPaths = (
			);
			name = "[CP] Check Pods Manifest.lock";
			outputPaths = (
			);
			runOnlyForDeploymentPostprocessing = 0;
			shellPath = /bin/sh;
			shellScript = "diff \"${PODS_PODFILE_DIR_PATH}/Podfile.lock\" \"${PODS_ROOT}/Manifest.lock\" > /dev/null\nif [ $? != 0 ] ; then\n    # print error to STDERR\n    echo \"error: The sandbox is not in sync with the Podfile.lock. Run 'pod install' or update your CocoaPods installation.\" >&2\n    exit 1\nfi\n";
			showEnvVarsInLog = 0;
		};
		162F382DA1C1F902863061D8 /* [CP] Embed Pods Frameworks */ = {
			isa = PBXShellScriptBuildPhase;
			buildActionMask = 2147483647;
			files = (
			);
			inputPaths = (
			);
			name = "[CP] Embed Pods Frameworks";
			outputPaths = (
			);
			runOnlyForDeploymentPostprocessing = 0;
			shellPath = /bin/sh;
			shellScript = "\"${SRCROOT}/Pods/Target Support Files/Pods-CastrolTests/Pods-CastrolTests-frameworks.sh\"\n";
			showEnvVarsInLog = 0;
		};
		1F13D1D53E17435C4C5FB340 /* [CP] Check Pods Manifest.lock */ = {
			isa = PBXShellScriptBuildPhase;
			buildActionMask = 2147483647;
			files = (
			);
			inputPaths = (
			);
			name = "[CP] Check Pods Manifest.lock";
			outputPaths = (
			);
			runOnlyForDeploymentPostprocessing = 0;
			shellPath = /bin/sh;
			shellScript = "diff \"${PODS_PODFILE_DIR_PATH}/Podfile.lock\" \"${PODS_ROOT}/Manifest.lock\" > /dev/null\nif [ $? != 0 ] ; then\n    # print error to STDERR\n    echo \"error: The sandbox is not in sync with the Podfile.lock. Run 'pod install' or update your CocoaPods installation.\" >&2\n    exit 1\nfi\n";
			showEnvVarsInLog = 0;
		};
		39D3F5DFE4CC1D00663B0C99 /* [CP] Copy Pods Resources */ = {
			isa = PBXShellScriptBuildPhase;
			buildActionMask = 2147483647;
			files = (
			);
			inputPaths = (
			);
			name = "[CP] Copy Pods Resources";
			outputPaths = (
			);
			runOnlyForDeploymentPostprocessing = 0;
			shellPath = /bin/sh;
			shellScript = "\"${SRCROOT}/Pods/Target Support Files/Pods-CastrolUITests/Pods-CastrolUITests-resources.sh\"\n";
			showEnvVarsInLog = 0;
		};
		3B1851BF2586A754228B7123 /* [CP] Copy Pods Resources */ = {
			isa = PBXShellScriptBuildPhase;
			buildActionMask = 2147483647;
			files = (
			);
			inputPaths = (
			);
			name = "[CP] Copy Pods Resources";
			outputPaths = (
			);
			runOnlyForDeploymentPostprocessing = 0;
			shellPath = /bin/sh;
			shellScript = "\"${SRCROOT}/Pods/Target Support Files/Pods-Castrol/Pods-Castrol-resources.sh\"\n";
			showEnvVarsInLog = 0;
		};
		6FC68F565CAF008E2D3E60C1 /* [CP] Embed Pods Frameworks */ = {
			isa = PBXShellScriptBuildPhase;
			buildActionMask = 2147483647;
			files = (
			);
			inputPaths = (
			);
			name = "[CP] Embed Pods Frameworks";
			outputPaths = (
			);
			runOnlyForDeploymentPostprocessing = 0;
			shellPath = /bin/sh;
			shellScript = "\"${SRCROOT}/Pods/Target Support Files/Pods-CastrolUITests/Pods-CastrolUITests-frameworks.sh\"\n";
			showEnvVarsInLog = 0;
		};
		ABC029A80FC505E761713E2F /* [CP] Check Pods Manifest.lock */ = {
			isa = PBXShellScriptBuildPhase;
			buildActionMask = 2147483647;
			files = (
			);
			inputPaths = (
			);
			name = "[CP] Check Pods Manifest.lock";
			outputPaths = (
			);
			runOnlyForDeploymentPostprocessing = 0;
			shellPath = /bin/sh;
			shellScript = "diff \"${PODS_PODFILE_DIR_PATH}/Podfile.lock\" \"${PODS_ROOT}/Manifest.lock\" > /dev/null\nif [ $? != 0 ] ; then\n    # print error to STDERR\n    echo \"error: The sandbox is not in sync with the Podfile.lock. Run 'pod install' or update your CocoaPods installation.\" >&2\n    exit 1\nfi\n";
			showEnvVarsInLog = 0;
		};
		CFF2BFAC7FBB50DF40E4C5D3 /* [CP] Embed Pods Frameworks */ = {
			isa = PBXShellScriptBuildPhase;
			buildActionMask = 2147483647;
			files = (
			);
			inputPaths = (
			);
			name = "[CP] Embed Pods Frameworks";
			outputPaths = (
			);
			runOnlyForDeploymentPostprocessing = 0;
			shellPath = /bin/sh;
			shellScript = "\"${SRCROOT}/Pods/Target Support Files/Pods-Castrol/Pods-Castrol-frameworks.sh\"\n";
			showEnvVarsInLog = 0;
		};
		E30EA891886D15E10E6916CA /* [CP] Copy Pods Resources */ = {
			isa = PBXShellScriptBuildPhase;
			buildActionMask = 2147483647;
			files = (
			);
			inputPaths = (
			);
			name = "[CP] Copy Pods Resources";
			outputPaths = (
			);
			runOnlyForDeploymentPostprocessing = 0;
			shellPath = /bin/sh;
			shellScript = "\"${SRCROOT}/Pods/Target Support Files/Pods-CastrolTests/Pods-CastrolTests-resources.sh\"\n";
			showEnvVarsInLog = 0;
		};
/* End PBXShellScriptBuildPhase section */

/* Begin PBXSourcesBuildPhase section */
		ADE54B841EF3927000274AC2 /* Sources */ = {
			isa = PBXSourcesBuildPhase;
			buildActionMask = 2147483647;
			files = (
				42285E661EF9049500DF7544 /* SWRevealViewController.m in Sources */,
				42285E691EF904DA00DF7544 /* HomeVC.swift in Sources */,
				AD08B3BA1EF3C423009585B5 /* MobileVerificationVC.swift in Sources */,
				4239CD761EF686B800C87767 /* MainVC.swift in Sources */,
				42285E6B1EF9082400DF7544 /* MenuViewTVC.swift in Sources */,
				ADE54B941EF3927000274AC2 /* Castrol.xcdatamodeld in Sources */,
				AD08B3B81EF3C40B009585B5 /* MobileAuthenticateVC.swift in Sources */,
				ADE54B8E1EF3927000274AC2 /* ViewController.swift in Sources */,
				ADE54B8C1EF3927000274AC2 /* AppDelegate.swift in Sources */,
			);
			runOnlyForDeploymentPostprocessing = 0;
		};
		ADE54B9B1EF3927000274AC2 /* Sources */ = {
			isa = PBXSourcesBuildPhase;
			buildActionMask = 2147483647;
			files = (
				ADE54BA41EF3927000274AC2 /* CastrolTests.swift in Sources */,
			);
			runOnlyForDeploymentPostprocessing = 0;
		};
		ADE54BA61EF3927000274AC2 /* Sources */ = {
			isa = PBXSourcesBuildPhase;
			buildActionMask = 2147483647;
			files = (
				ADE54BAF1EF3927100274AC2 /* CastrolUITests.swift in Sources */,
			);
			runOnlyForDeploymentPostprocessing = 0;
		};
/* End PBXSourcesBuildPhase section */

/* Begin PBXTargetDependency section */
		ADE54BA11EF3927000274AC2 /* PBXTargetDependency */ = {
			isa = PBXTargetDependency;
			target = ADE54B871EF3927000274AC2 /* Castrol */;
			targetProxy = ADE54BA01EF3927000274AC2 /* PBXContainerItemProxy */;
		};
		ADE54BAC1EF3927000274AC2 /* PBXTargetDependency */ = {
			isa = PBXTargetDependency;
			target = ADE54B871EF3927000274AC2 /* Castrol */;
			targetProxy = ADE54BAB1EF3927000274AC2 /* PBXContainerItemProxy */;
		};
/* End PBXTargetDependency section */

/* Begin PBXVariantGroup section */
		ADE54B8F1EF3927000274AC2 /* Main.storyboard */ = {
			isa = PBXVariantGroup;
			children = (
				ADE54B901EF3927000274AC2 /* Base */,
			);
			name = Main.storyboard;
			sourceTree = "<group>";
		};
		ADE54B971EF3927000274AC2 /* LaunchScreen.storyboard */ = {
			isa = PBXVariantGroup;
			children = (
				ADE54B981EF3927000274AC2 /* Base */,
			);
			name = LaunchScreen.storyboard;
			sourceTree = "<group>";
		};
/* End PBXVariantGroup section */

/* Begin XCBuildConfiguration section */
		ADE54BB11EF3927100274AC2 /* Debug */ = {
			isa = XCBuildConfiguration;
			buildSettings = {
				ALWAYS_SEARCH_USER_PATHS = NO;
				CLANG_ANALYZER_NONNULL = YES;
				CLANG_ANALYZER_NUMBER_OBJECT_CONVERSION = YES_AGGRESSIVE;
				CLANG_CXX_LANGUAGE_STANDARD = "gnu++14";
				CLANG_CXX_LIBRARY = "libc++";
				CLANG_ENABLE_MODULES = YES;
				CLANG_ENABLE_OBJC_ARC = YES;
				CLANG_WARN_BLOCK_CAPTURE_AUTORELEASING = YES;
				CLANG_WARN_BOOL_CONVERSION = YES;
				CLANG_WARN_COMMA = YES;
				CLANG_WARN_CONSTANT_CONVERSION = YES;
				CLANG_WARN_DIRECT_OBJC_ISA_USAGE = YES_ERROR;
				CLANG_WARN_DOCUMENTATION_COMMENTS = YES;
				CLANG_WARN_EMPTY_BODY = YES;
				CLANG_WARN_ENUM_CONVERSION = YES;
				CLANG_WARN_INFINITE_RECURSION = YES;
				CLANG_WARN_INT_CONVERSION = YES;
				CLANG_WARN_OBJC_ROOT_CLASS = YES_ERROR;
				CLANG_WARN_RANGE_LOOP_ANALYSIS = YES;
				CLANG_WARN_STRICT_PROTOTYPES = YES;
				CLANG_WARN_SUSPICIOUS_MOVE = YES;
				CLANG_WARN_UNGUARDED_AVAILABILITY = YES_AGGRESSIVE;
				CLANG_WARN_UNREACHABLE_CODE = YES;
				CLANG_WARN__DUPLICATE_METHOD_MATCH = YES;
				CODE_SIGN_IDENTITY = "iPhone Developer";
				COPY_PHASE_STRIP = NO;
				DEBUG_INFORMATION_FORMAT = dwarf;
				ENABLE_STRICT_OBJC_MSGSEND = YES;
				ENABLE_TESTABILITY = YES;
				GCC_C_LANGUAGE_STANDARD = gnu11;
				GCC_DYNAMIC_NO_PIC = NO;
				GCC_NO_COMMON_BLOCKS = YES;
				GCC_OPTIMIZATION_LEVEL = 0;
				GCC_PREPROCESSOR_DEFINITIONS = (
					"DEBUG=1",
					"$(inherited)",
				);
				GCC_WARN_64_TO_32_BIT_CONVERSION = YES;
				GCC_WARN_ABOUT_RETURN_TYPE = YES_ERROR;
				GCC_WARN_UNDECLARED_SELECTOR = YES;
				GCC_WARN_UNINITIALIZED_AUTOS = YES_AGGRESSIVE;
				GCC_WARN_UNUSED_FUNCTION = YES;
				GCC_WARN_UNUSED_VARIABLE = YES;
				IPHONEOS_DEPLOYMENT_TARGET = 9.0;
				MTL_ENABLE_DEBUG_INFO = YES;
				ONLY_ACTIVE_ARCH = YES;
				SDKROOT = iphoneos;
				SWIFT_ACTIVE_COMPILATION_CONDITIONS = DEBUG;
				SWIFT_OPTIMIZATION_LEVEL = "-Onone";
			};
			name = Debug;
		};
		ADE54BB21EF3927100274AC2 /* Release */ = {
			isa = XCBuildConfiguration;
			buildSettings = {
				ALWAYS_SEARCH_USER_PATHS = NO;
				CLANG_ANALYZER_NONNULL = YES;
				CLANG_ANALYZER_NUMBER_OBJECT_CONVERSION = YES_AGGRESSIVE;
				CLANG_CXX_LANGUAGE_STANDARD = "gnu++14";
				CLANG_CXX_LIBRARY = "libc++";
				CLANG_ENABLE_MODULES = YES;
				CLANG_ENABLE_OBJC_ARC = YES;
				CLANG_WARN_BLOCK_CAPTURE_AUTORELEASING = YES;
				CLANG_WARN_BOOL_CONVERSION = YES;
				CLANG_WARN_COMMA = YES;
				CLANG_WARN_CONSTANT_CONVERSION = YES;
				CLANG_WARN_DIRECT_OBJC_ISA_USAGE = YES_ERROR;
				CLANG_WARN_DOCUMENTATION_COMMENTS = YES;
				CLANG_WARN_EMPTY_BODY = YES;
				CLANG_WARN_ENUM_CONVERSION = YES;
				CLANG_WARN_INFINITE_RECURSION = YES;
				CLANG_WARN_INT_CONVERSION = YES;
				CLANG_WARN_OBJC_ROOT_CLASS = YES_ERROR;
				CLANG_WARN_RANGE_LOOP_ANALYSIS = YES;
				CLANG_WARN_STRICT_PROTOTYPES = YES;
				CLANG_WARN_SUSPICIOUS_MOVE = YES;
				CLANG_WARN_UNGUARDED_AVAILABILITY = YES_AGGRESSIVE;
				CLANG_WARN_UNREACHABLE_CODE = YES;
				CLANG_WARN__DUPLICATE_METHOD_MATCH = YES;
				CODE_SIGN_IDENTITY = "iPhone Developer";
				COPY_PHASE_STRIP = NO;
				DEBUG_INFORMATION_FORMAT = "dwarf-with-dsym";
				ENABLE_NS_ASSERTIONS = NO;
				ENABLE_STRICT_OBJC_MSGSEND = YES;
				GCC_C_LANGUAGE_STANDARD = gnu11;
				GCC_NO_COMMON_BLOCKS = YES;
				GCC_WARN_64_TO_32_BIT_CONVERSION = YES;
				GCC_WARN_ABOUT_RETURN_TYPE = YES_ERROR;
				GCC_WARN_UNDECLARED_SELECTOR = YES;
				GCC_WARN_UNINITIALIZED_AUTOS = YES_AGGRESSIVE;
				GCC_WARN_UNUSED_FUNCTION = YES;
				GCC_WARN_UNUSED_VARIABLE = YES;
				IPHONEOS_DEPLOYMENT_TARGET = 9.0;
				MTL_ENABLE_DEBUG_INFO = NO;
				SDKROOT = iphoneos;
				SWIFT_OPTIMIZATION_LEVEL = "-Owholemodule";
				VALIDATE_PRODUCT = YES;
			};
			name = Release;
		};
		ADE54BB41EF3927100274AC2 /* Debug */ = {
			isa = XCBuildConfiguration;
			baseConfigurationReference = 992446F103C0EA3A7A2995A1 /* Pods-Castrol.debug.xcconfig */;
			buildSettings = {
				ASSETCATALOG_COMPILER_APPICON_NAME = AppIcon;
				CLANG_ENABLE_MODULES = YES;
				CODE_SIGN_ENTITLEMENTS = Castrol/Castrol.entitlements;
				DEVELOPMENT_TEAM = P8TD5FLYMZ;
				INFOPLIST_FILE = Castrol/Info.plist;
				IPHONEOS_DEPLOYMENT_TARGET = 10.0;
				LD_RUNPATH_SEARCH_PATHS = "$(inherited) @executable_path/Frameworks";
				PRODUCT_BUNDLE_IDENTIFIER = com.cliqers.Castrol;
				PRODUCT_NAME = "$(TARGET_NAME)";
				SWIFT_OBJC_BRIDGING_HEADER = "Castrol/Castrol-Bridging-Header.h";
				SWIFT_OPTIMIZATION_LEVEL = "-Onone";
				SWIFT_VERSION = 3.0;
				TARGETED_DEVICE_FAMILY = "1,2";
			};
			name = Debug;
		};
		ADE54BB51EF3927100274AC2 /* Release */ = {
			isa = XCBuildConfiguration;
			baseConfigurationReference = C0C9458310B8766D82E85EDD /* Pods-Castrol.release.xcconfig */;
			buildSettings = {
				ASSETCATALOG_COMPILER_APPICON_NAME = AppIcon;
				CLANG_ENABLE_MODULES = YES;
				CODE_SIGN_ENTITLEMENTS = Castrol/Castrol.entitlements;
				DEVELOPMENT_TEAM = P8TD5FLYMZ;
				INFOPLIST_FILE = Castrol/Info.plist;
				IPHONEOS_DEPLOYMENT_TARGET = 10.0;
				LD_RUNPATH_SEARCH_PATHS = "$(inherited) @executable_path/Frameworks";
				PRODUCT_BUNDLE_IDENTIFIER = com.cliqers.Castrol;
				PRODUCT_NAME = "$(TARGET_NAME)";
				SWIFT_OBJC_BRIDGING_HEADER = "Castrol/Castrol-Bridging-Header.h";
				SWIFT_VERSION = 3.0;
				TARGETED_DEVICE_FAMILY = "1,2";
			};
			name = Release;
		};
		ADE54BB71EF3927100274AC2 /* Debug */ = {
			isa = XCBuildConfiguration;
			baseConfigurationReference = B3479C72701B35AD5A322F63 /* Pods-CastrolTests.debug.xcconfig */;
			buildSettings = {
				ALWAYS_EMBED_SWIFT_STANDARD_LIBRARIES = YES;
				BUNDLE_LOADER = "$(TEST_HOST)";
				DEVELOPMENT_TEAM = QCPGP4ADDR;
				INFOPLIST_FILE = CastrolTests/Info.plist;
				LD_RUNPATH_SEARCH_PATHS = "$(inherited) @executable_path/Frameworks @loader_path/Frameworks";
				PRODUCT_BUNDLE_IDENTIFIER = com.cliqers.CastrolTests;
				PRODUCT_NAME = "$(TARGET_NAME)";
				SWIFT_VERSION = 4.0;
				TARGETED_DEVICE_FAMILY = "1,2";
				TEST_HOST = "$(BUILT_PRODUCTS_DIR)/Castrol.app/Castrol";
			};
			name = Debug;
		};
		ADE54BB81EF3927100274AC2 /* Release */ = {
			isa = XCBuildConfiguration;
			baseConfigurationReference = E6354AAC02EF36A46EAB930B /* Pods-CastrolTests.release.xcconfig */;
			buildSettings = {
				ALWAYS_EMBED_SWIFT_STANDARD_LIBRARIES = YES;
				BUNDLE_LOADER = "$(TEST_HOST)";
				DEVELOPMENT_TEAM = QCPGP4ADDR;
				INFOPLIST_FILE = CastrolTests/Info.plist;
				LD_RUNPATH_SEARCH_PATHS = "$(inherited) @executable_path/Frameworks @loader_path/Frameworks";
				PRODUCT_BUNDLE_IDENTIFIER = com.cliqers.CastrolTests;
				PRODUCT_NAME = "$(TARGET_NAME)";
				SWIFT_VERSION = 4.0;
				TARGETED_DEVICE_FAMILY = "1,2";
				TEST_HOST = "$(BUILT_PRODUCTS_DIR)/Castrol.app/Castrol";
			};
			name = Release;
		};
		ADE54BBA1EF3927100274AC2 /* Debug */ = {
			isa = XCBuildConfiguration;
			baseConfigurationReference = 2A263645EB333CDD2819396D /* Pods-CastrolUITests.debug.xcconfig */;
			buildSettings = {
				ALWAYS_EMBED_SWIFT_STANDARD_LIBRARIES = YES;
				DEVELOPMENT_TEAM = QCPGP4ADDR;
				INFOPLIST_FILE = CastrolUITests/Info.plist;
				LD_RUNPATH_SEARCH_PATHS = "$(inherited) @executable_path/Frameworks @loader_path/Frameworks";
				PRODUCT_BUNDLE_IDENTIFIER = com.cliqers.CastrolUITests;
				PRODUCT_NAME = "$(TARGET_NAME)";
				SWIFT_VERSION = 4.0;
				TARGETED_DEVICE_FAMILY = "1,2";
				TEST_TARGET_NAME = Castrol;
			};
			name = Debug;
		};
		ADE54BBB1EF3927100274AC2 /* Release */ = {
			isa = XCBuildConfiguration;
			baseConfigurationReference = 2E5610D970BA4C2B7343B074 /* Pods-CastrolUITests.release.xcconfig */;
			buildSettings = {
				ALWAYS_EMBED_SWIFT_STANDARD_LIBRARIES = YES;
				DEVELOPMENT_TEAM = QCPGP4ADDR;
				INFOPLIST_FILE = CastrolUITests/Info.plist;
				LD_RUNPATH_SEARCH_PATHS = "$(inherited) @executable_path/Frameworks @loader_path/Frameworks";
				PRODUCT_BUNDLE_IDENTIFIER = com.cliqers.CastrolUITests;
				PRODUCT_NAME = "$(TARGET_NAME)";
				SWIFT_VERSION = 4.0;
				TARGETED_DEVICE_FAMILY = "1,2";
				TEST_TARGET_NAME = Castrol;
			};
			name = Release;
		};
/* End XCBuildConfiguration section */

/* Begin XCConfigurationList section */
		ADE54B831EF3927000274AC2 /* Build configuration list for PBXProject "Castrol" */ = {
			isa = XCConfigurationList;
			buildConfigurations = (
				ADE54BB11EF3927100274AC2 /* Debug */,
				ADE54BB21EF3927100274AC2 /* Release */,
			);
			defaultConfigurationIsVisible = 0;
			defaultConfigurationName = Release;
		};
		ADE54BB31EF3927100274AC2 /* Build configuration list for PBXNativeTarget "Castrol" */ = {
			isa = XCConfigurationList;
			buildConfigurations = (
				ADE54BB41EF3927100274AC2 /* Debug */,
				ADE54BB51EF3927100274AC2 /* Release */,
			);
			defaultConfigurationIsVisible = 0;
			defaultConfigurationName = Release;
		};
		ADE54BB61EF3927100274AC2 /* Build configuration list for PBXNativeTarget "CastrolTests" */ = {
			isa = XCConfigurationList;
			buildConfigurations = (
				ADE54BB71EF3927100274AC2 /* Debug */,
				ADE54BB81EF3927100274AC2 /* Release */,
			);
			defaultConfigurationIsVisible = 0;
			defaultConfigurationName = Release;
		};
		ADE54BB91EF3927100274AC2 /* Build configuration list for PBXNativeTarget "CastrolUITests" */ = {
			isa = XCConfigurationList;
			buildConfigurations = (
				ADE54BBA1EF3927100274AC2 /* Debug */,
				ADE54BBB1EF3927100274AC2 /* Release */,
			);
			defaultConfigurationIsVisible = 0;
			defaultConfigurationName = Release;
		};
/* End XCConfigurationList section */

/* Begin XCVersionGroup section */
		ADE54B921EF3927000274AC2 /* Castrol.xcdatamodeld */ = {
			isa = XCVersionGroup;
			children = (
				ADE54B931EF3927000274AC2 /* Castrol.xcdatamodel */,
			);
			currentVersion = ADE54B931EF3927000274AC2 /* Castrol.xcdatamodel */;
			path = Castrol.xcdatamodeld;
			sourceTree = "<group>";
			versionGroupType = wrapper.xcdatamodel;
		};
/* End XCVersionGroup section */
	};
	rootObject = ADE54B801EF3927000274AC2 /* Project object */;
}
